// !$*UTF8*$!
{
	archiveVersion = 1;
	classes = {
	};
	objectVersion = 51;
	objects = {

/* Begin PBXBuildFile section */
		65F9D5E36F18EB156765E1CE /* Pods_WeatherApp.framework in Frameworks */ = {isa = PBXBuildFile; fileRef = 98222A8E86203D6865C9B4FD /* Pods_WeatherApp.framework */; };
		E06F31AE23CB66560046E3C0 /* AppService+NetworkReachability.swift in Sources */ = {isa = PBXBuildFile; fileRef = E06F319B23CB66560046E3C0 /* AppService+NetworkReachability.swift */; };
		E06F31AF23CB66560046E3C0 /* NetworkReachabilityNotifier.swift in Sources */ = {isa = PBXBuildFile; fileRef = E06F319C23CB66560046E3C0 /* NetworkReachabilityNotifier.swift */; };
		E06F31B023CB66560046E3C0 /* AppService+AppLifeCycle.swift in Sources */ = {isa = PBXBuildFile; fileRef = E06F319E23CB66560046E3C0 /* AppService+AppLifeCycle.swift */; };
		E06F31B123CB66560046E3C0 /* AppService+UserActivity.swift in Sources */ = {isa = PBXBuildFile; fileRef = E06F319F23CB66560046E3C0 /* AppService+UserActivity.swift */; };
		E06F31B423CB66560046E3C0 /* AppServiceManager+ScreenHandler.swift in Sources */ = {isa = PBXBuildFile; fileRef = E06F31A323CB66560046E3C0 /* AppServiceManager+ScreenHandler.swift */; };
		E06F31B723CB66560046E3C0 /* AppServiceManager.swift in Sources */ = {isa = PBXBuildFile; fileRef = E06F31A723CB66560046E3C0 /* AppServiceManager.swift */; };
		E06F31BA23CB66F40046E3C0 /* AppConfigurations.swift in Sources */ = {isa = PBXBuildFile; fileRef = E06F31B923CB66F40046E3C0 /* AppConfigurations.swift */; };
		E06F31D723CB91BC0046E3C0 /* WeatherData.swift in Sources */ = {isa = PBXBuildFile; fileRef = E06F31D423CB91BC0046E3C0 /* WeatherData.swift */; };
		E06F31D823CB91BC0046E3C0 /* TemperatureScale.swift in Sources */ = {isa = PBXBuildFile; fileRef = E06F31D523CB91BC0046E3C0 /* TemperatureScale.swift */; };
		E06F31D923CB91BC0046E3C0 /* WeatherAPI.swift in Sources */ = {isa = PBXBuildFile; fileRef = E06F31D623CB91BC0046E3C0 /* WeatherAPI.swift */; };
		E06F31DF23CB92E50046E3C0 /* WeatherCollectionCell.swift in Sources */ = {isa = PBXBuildFile; fileRef = E06F31DD23CB92E50046E3C0 /* WeatherCollectionCell.swift */; };
		E06F31E023CB92E50046E3C0 /* WeatherCollectionCell.xib in Resources */ = {isa = PBXBuildFile; fileRef = E06F31DE23CB92E50046E3C0 /* WeatherCollectionCell.xib */; };
		E08A40CF23CAFB66009126D4 /* AppDelegate.swift in Sources */ = {isa = PBXBuildFile; fileRef = E08A40CE23CAFB66009126D4 /* AppDelegate.swift */; };
		E08A40D123CAFB66009126D4 /* SceneDelegate.swift in Sources */ = {isa = PBXBuildFile; fileRef = E08A40D023CAFB66009126D4 /* SceneDelegate.swift */; };
		E08A40D623CAFB66009126D4 /* Main.storyboard in Resources */ = {isa = PBXBuildFile; fileRef = E08A40D423CAFB66009126D4 /* Main.storyboard */; };
		E08A40D823CAFB68009126D4 /* Assets.xcassets in Resources */ = {isa = PBXBuildFile; fileRef = E08A40D723CAFB68009126D4 /* Assets.xcassets */; };
		E08A40DB23CAFB68009126D4 /* LaunchScreen.storyboard in Resources */ = {isa = PBXBuildFile; fileRef = E08A40D923CAFB68009126D4 /* LaunchScreen.storyboard */; };
		E08A40E323CAFCE9009126D4 /* LoginVC.swift in Sources */ = {isa = PBXBuildFile; fileRef = E08A40E223CAFCE9009126D4 /* LoginVC.swift */; };
		E08A40E623CAFD00009126D4 /* HomeVC.swift in Sources */ = {isa = PBXBuildFile; fileRef = E08A40E523CAFD00009126D4 /* HomeVC.swift */; };
		E08A40E823CAFD15009126D4 /* WeatherDetailVC.swift in Sources */ = {isa = PBXBuildFile; fileRef = E08A40E723CAFD15009126D4 /* WeatherDetailVC.swift */; };
		E08A40EE23CAFDA3009126D4 /* AppBaseViewController.swift in Sources */ = {isa = PBXBuildFile; fileRef = E08A40ED23CAFDA3009126D4 /* AppBaseViewController.swift */; };
		E08A40F023CB03D4009126D4 /* Constants.swift in Sources */ = {isa = PBXBuildFile; fileRef = E08A40EF23CB03D4009126D4 /* Constants.swift */; };
		E08A40F223CB0435009126D4 /* LoadingIndicator.swift in Sources */ = {isa = PBXBuildFile; fileRef = E08A40F123CB0435009126D4 /* LoadingIndicator.swift */; };
		E08A40F423CB3063009126D4 /* SocialMediaConnection.swift in Sources */ = {isa = PBXBuildFile; fileRef = E08A40F323CB3063009126D4 /* SocialMediaConnection.swift */; };
		E08A40FA23CB33B8009126D4 /* AppCacheData.swift in Sources */ = {isa = PBXBuildFile; fileRef = E08A40F923CB33B8009126D4 /* AppCacheData.swift */; };
		E08A410223CB355E009126D4 /* UIStoryboard+Loader.swift in Sources */ = {isa = PBXBuildFile; fileRef = E08A410123CB355E009126D4 /* UIStoryboard+Loader.swift */; };
/* End PBXBuildFile section */

/* Begin PBXFileReference section */
		7FD08D0BF0412A2068021A3A /* Pods-WeatherApp.debug.xcconfig */ = {isa = PBXFileReference; includeInIndex = 1; lastKnownFileType = text.xcconfig; name = "Pods-WeatherApp.debug.xcconfig"; path = "Target Support Files/Pods-WeatherApp/Pods-WeatherApp.debug.xcconfig"; sourceTree = "<group>"; };
		98222A8E86203D6865C9B4FD /* Pods_WeatherApp.framework */ = {isa = PBXFileReference; explicitFileType = wrapper.framework; includeInIndex = 0; path = Pods_WeatherApp.framework; sourceTree = BUILT_PRODUCTS_DIR; };
		E06F319B23CB66560046E3C0 /* AppService+NetworkReachability.swift */ = {isa = PBXFileReference; fileEncoding = 4; lastKnownFileType = sourcecode.swift; path = "AppService+NetworkReachability.swift"; sourceTree = "<group>"; };
		E06F319C23CB66560046E3C0 /* NetworkReachabilityNotifier.swift */ = {isa = PBXFileReference; fileEncoding = 4; lastKnownFileType = sourcecode.swift; path = NetworkReachabilityNotifier.swift; sourceTree = "<group>"; };
		E06F319E23CB66560046E3C0 /* AppService+AppLifeCycle.swift */ = {isa = PBXFileReference; fileEncoding = 4; lastKnownFileType = sourcecode.swift; path = "AppService+AppLifeCycle.swift"; sourceTree = "<group>"; };
		E06F319F23CB66560046E3C0 /* AppService+UserActivity.swift */ = {isa = PBXFileReference; fileEncoding = 4; lastKnownFileType = sourcecode.swift; path = "AppService+UserActivity.swift"; sourceTree = "<group>"; };
		E06F31A323CB66560046E3C0 /* AppServiceManager+ScreenHandler.swift */ = {isa = PBXFileReference; fileEncoding = 4; lastKnownFileType = sourcecode.swift; path = "AppServiceManager+ScreenHandler.swift"; sourceTree = "<group>"; };
		E06F31A723CB66560046E3C0 /* AppServiceManager.swift */ = {isa = PBXFileReference; fileEncoding = 4; lastKnownFileType = sourcecode.swift; path = AppServiceManager.swift; sourceTree = "<group>"; };
		E06F31B923CB66F40046E3C0 /* AppConfigurations.swift */ = {isa = PBXFileReference; lastKnownFileType = sourcecode.swift; path = AppConfigurations.swift; sourceTree = "<group>"; };
		E06F31D423CB91BC0046E3C0 /* WeatherData.swift */ = {isa = PBXFileReference; fileEncoding = 4; lastKnownFileType = sourcecode.swift; path = WeatherData.swift; sourceTree = "<group>"; };
		E06F31D523CB91BC0046E3C0 /* TemperatureScale.swift */ = {isa = PBXFileReference; fileEncoding = 4; lastKnownFileType = sourcecode.swift; path = TemperatureScale.swift; sourceTree = "<group>"; };
		E06F31D623CB91BC0046E3C0 /* WeatherAPI.swift */ = {isa = PBXFileReference; fileEncoding = 4; lastKnownFileType = sourcecode.swift; path = WeatherAPI.swift; sourceTree = "<group>"; };
		E06F31DD23CB92E50046E3C0 /* WeatherCollectionCell.swift */ = {isa = PBXFileReference; lastKnownFileType = sourcecode.swift; path = WeatherCollectionCell.swift; sourceTree = "<group>"; };
		E06F31DE23CB92E50046E3C0 /* WeatherCollectionCell.xib */ = {isa = PBXFileReference; lastKnownFileType = file.xib; path = WeatherCollectionCell.xib; sourceTree = "<group>"; };
		E08A40CB23CAFB65009126D4 /* WeatherApp.app */ = {isa = PBXFileReference; explicitFileType = wrapper.application; includeInIndex = 0; path = WeatherApp.app; sourceTree = BUILT_PRODUCTS_DIR; };
		E08A40CE23CAFB66009126D4 /* AppDelegate.swift */ = {isa = PBXFileReference; lastKnownFileType = sourcecode.swift; path = AppDelegate.swift; sourceTree = "<group>"; };
		E08A40D023CAFB66009126D4 /* SceneDelegate.swift */ = {isa = PBXFileReference; lastKnownFileType = sourcecode.swift; path = SceneDelegate.swift; sourceTree = "<group>"; };
		E08A40D523CAFB66009126D4 /* Base */ = {isa = PBXFileReference; lastKnownFileType = file.storyboard; name = Base; path = Base.lproj/Main.storyboard; sourceTree = "<group>"; };
		E08A40D723CAFB68009126D4 /* Assets.xcassets */ = {isa = PBXFileReference; lastKnownFileType = folder.assetcatalog; path = Assets.xcassets; sourceTree = "<group>"; };
		E08A40DA23CAFB68009126D4 /* Base */ = {isa = PBXFileReference; lastKnownFileType = file.storyboard; name = Base; path = Base.lproj/LaunchScreen.storyboard; sourceTree = "<group>"; };
		E08A40DC23CAFB68009126D4 /* Info.plist */ = {isa = PBXFileReference; lastKnownFileType = text.plist.xml; path = Info.plist; sourceTree = "<group>"; };
		E08A40E223CAFCE9009126D4 /* LoginVC.swift */ = {isa = PBXFileReference; lastKnownFileType = sourcecode.swift; path = LoginVC.swift; sourceTree = "<group>"; };
		E08A40E523CAFD00009126D4 /* HomeVC.swift */ = {isa = PBXFileReference; lastKnownFileType = sourcecode.swift; path = HomeVC.swift; sourceTree = "<group>"; };
		E08A40E723CAFD15009126D4 /* WeatherDetailVC.swift */ = {isa = PBXFileReference; lastKnownFileType = sourcecode.swift; path = WeatherDetailVC.swift; sourceTree = "<group>"; };
		E08A40ED23CAFDA3009126D4 /* AppBaseViewController.swift */ = {isa = PBXFileReference; lastKnownFileType = sourcecode.swift; path = AppBaseViewController.swift; sourceTree = "<group>"; };
		E08A40EF23CB03D4009126D4 /* Constants.swift */ = {isa = PBXFileReference; lastKnownFileType = sourcecode.swift; path = Constants.swift; sourceTree = "<group>"; };
		E08A40F123CB0435009126D4 /* LoadingIndicator.swift */ = {isa = PBXFileReference; lastKnownFileType = sourcecode.swift; path = LoadingIndicator.swift; sourceTree = "<group>"; };
		E08A40F323CB3063009126D4 /* SocialMediaConnection.swift */ = {isa = PBXFileReference; lastKnownFileType = sourcecode.swift; path = SocialMediaConnection.swift; sourceTree = "<group>"; };
		E08A40F923CB33B8009126D4 /* AppCacheData.swift */ = {isa = PBXFileReference; lastKnownFileType = sourcecode.swift; path = AppCacheData.swift; sourceTree = "<group>"; };
		E08A410123CB355E009126D4 /* UIStoryboard+Loader.swift */ = {isa = PBXFileReference; lastKnownFileType = sourcecode.swift; path = "UIStoryboard+Loader.swift"; sourceTree = "<group>"; };
		EDB1598CB27AA5EA8155707B /* Pods-WeatherApp.release.xcconfig */ = {isa = PBXFileReference; includeInIndex = 1; lastKnownFileType = text.xcconfig; name = "Pods-WeatherApp.release.xcconfig"; path = "Target Support Files/Pods-WeatherApp/Pods-WeatherApp.release.xcconfig"; sourceTree = "<group>"; };
/* End PBXFileReference section */

/* Begin PBXFrameworksBuildPhase section */
		E08A40C823CAFB65009126D4 /* Frameworks */ = {
			isa = PBXFrameworksBuildPhase;
			buildActionMask = 2147483647;
			files = (
				65F9D5E36F18EB156765E1CE /* Pods_WeatherApp.framework in Frameworks */,
			);
			runOnlyForDeploymentPostprocessing = 0;
		};
/* End PBXFrameworksBuildPhase section */

/* Begin PBXGroup section */
		08F024BFCBFC1AC6958D7482 /* Frameworks */ = {
			isa = PBXGroup;
			children = (
				98222A8E86203D6865C9B4FD /* Pods_WeatherApp.framework */,
			);
			name = Frameworks;
			sourceTree = "<group>";
		};
		D8B887309831CE47013FF7C3 /* Pods */ = {
			isa = PBXGroup;
			children = (
				7FD08D0BF0412A2068021A3A /* Pods-WeatherApp.debug.xcconfig */,
				EDB1598CB27AA5EA8155707B /* Pods-WeatherApp.release.xcconfig */,
			);
			path = Pods;
			sourceTree = "<group>";
		};
		E06F319323CB66560046E3C0 /* AppServiceManagers */ = {
			isa = PBXGroup;
			children = (
				E06F319A23CB66560046E3C0 /* AppService+NetworkReachability */,
				E06F319D23CB66560046E3C0 /* AppService+AppLifeCycle */,
				E06F31A323CB66560046E3C0 /* AppServiceManager+ScreenHandler.swift */,
				E06F31A723CB66560046E3C0 /* AppServiceManager.swift */,
			);
			path = AppServiceManagers;
			sourceTree = "<group>";
		};
		E06F319A23CB66560046E3C0 /* AppService+NetworkReachability */ = {
			isa = PBXGroup;
			children = (
				E06F319B23CB66560046E3C0 /* AppService+NetworkReachability.swift */,
				E06F319C23CB66560046E3C0 /* NetworkReachabilityNotifier.swift */,
			);
			path = "AppService+NetworkReachability";
			sourceTree = "<group>";
		};
		E06F319D23CB66560046E3C0 /* AppService+AppLifeCycle */ = {
			isa = PBXGroup;
			children = (
				E06F319E23CB66560046E3C0 /* AppService+AppLifeCycle.swift */,
				E06F319F23CB66560046E3C0 /* AppService+UserActivity.swift */,
			);
			path = "AppService+AppLifeCycle";
			sourceTree = "<group>";
		};
		E06F31D323CB91BC0046E3C0 /* WeatherAPI */ = {
			isa = PBXGroup;
			children = (
				E06F31D423CB91BC0046E3C0 /* WeatherData.swift */,
				E06F31D523CB91BC0046E3C0 /* TemperatureScale.swift */,
				E06F31D623CB91BC0046E3C0 /* WeatherAPI.swift */,
			);
			path = WeatherAPI;
			sourceTree = "<group>";
		};
		E06F31DA23CB92990046E3C0 /* WeatherCell */ = {
			isa = PBXGroup;
			children = (
				E06F31DD23CB92E50046E3C0 /* WeatherCollectionCell.swift */,
				E06F31DE23CB92E50046E3C0 /* WeatherCollectionCell.xib */,
			);
			path = WeatherCell;
			sourceTree = "<group>";
		};
		E08A40C223CAFB65009126D4 = {
			isa = PBXGroup;
			children = (
				E08A40CD23CAFB65009126D4 /* WeatherApp */,
				E08A40CC23CAFB65009126D4 /* Products */,
				D8B887309831CE47013FF7C3 /* Pods */,
				08F024BFCBFC1AC6958D7482 /* Frameworks */,
			);
			sourceTree = "<group>";
		};
		E08A40CC23CAFB65009126D4 /* Products */ = {
			isa = PBXGroup;
			children = (
				E08A40CB23CAFB65009126D4 /* WeatherApp.app */,
			);
			name = Products;
			sourceTree = "<group>";
		};
		E08A40CD23CAFB65009126D4 /* WeatherApp */ = {
			isa = PBXGroup;
			children = (
				E08A40CE23CAFB66009126D4 /* AppDelegate.swift */,
				E08A40D023CAFB66009126D4 /* SceneDelegate.swift */,
				E08A40E423CAFCEF009126D4 /* ViewControllers */,
				E08A40EB23CAFD39009126D4 /* Models */,
				E08A40EA23CAFD2D009126D4 /* ViewModels */,
				E08A40EC23CAFD5A009126D4 /* View */,
				E08A40E923CAFD23009126D4 /* Utilities */,
				E08A40D723CAFB68009126D4 /* Assets.xcassets */,
				E08A40DC23CAFB68009126D4 /* Info.plist */,
			);
			path = WeatherApp;
			sourceTree = "<group>";
		};
		E08A40E423CAFCEF009126D4 /* ViewControllers */ = {
			isa = PBXGroup;
			children = (
				E08A40E223CAFCE9009126D4 /* LoginVC.swift */,
				E08A40E523CAFD00009126D4 /* HomeVC.swift */,
				E08A40E723CAFD15009126D4 /* WeatherDetailVC.swift */,
			);
			path = ViewControllers;
			sourceTree = "<group>";
		};
		E08A40E923CAFD23009126D4 /* Utilities */ = {
			isa = PBXGroup;
			children = (
				E08A40EF23CB03D4009126D4 /* Constants.swift */,
				E08A410123CB355E009126D4 /* UIStoryboard+Loader.swift */,
			);
			path = Utilities;
			sourceTree = "<group>";
		};
		E08A40EA23CAFD2D009126D4 /* ViewModels */ = {
			isa = PBXGroup;
			children = (
			);
			path = ViewModels;
			sourceTree = "<group>";
		};
		E08A40EB23CAFD39009126D4 /* Models */ = {
			isa = PBXGroup;
			children = (
				E06F31D323CB91BC0046E3C0 /* WeatherAPI */,
				E06F31B923CB66F40046E3C0 /* AppConfigurations.swift */,
				E08A40F923CB33B8009126D4 /* AppCacheData.swift */,
				E08A40ED23CAFDA3009126D4 /* AppBaseViewController.swift */,
				E08A40F323CB3063009126D4 /* SocialMediaConnection.swift */,
				E06F319323CB66560046E3C0 /* AppServiceManagers */,
			);
			path = Models;
			sourceTree = "<group>";
		};
		E08A40EC23CAFD5A009126D4 /* View */ = {
			isa = PBXGroup;
			children = (
				E06F31DA23CB92990046E3C0 /* WeatherCell */,
				E08A40F123CB0435009126D4 /* LoadingIndicator.swift */,
				E08A40D923CAFB68009126D4 /* LaunchScreen.storyboard */,
				E08A40D423CAFB66009126D4 /* Main.storyboard */,
			);
			path = View;
			sourceTree = "<group>";
		};
/* End PBXGroup section */

/* Begin PBXNativeTarget section */
		E08A40CA23CAFB65009126D4 /* WeatherApp */ = {
			isa = PBXNativeTarget;
			buildConfigurationList = E08A40DF23CAFB68009126D4 /* Build configuration list for PBXNativeTarget "WeatherApp" */;
			buildPhases = (
				D85D657D8E5004BE47CA6958 /* [CP] Check Pods Manifest.lock */,
				E08A40C723CAFB65009126D4 /* Sources */,
				E08A40C823CAFB65009126D4 /* Frameworks */,
				E08A40C923CAFB65009126D4 /* Resources */,
				7071886A032DA740E3FC36B3 /* [CP] Embed Pods Frameworks */,
				BDCEFB1ACC97E309EA8DA149 /* [CP] Copy Pods Resources */,
			);
			buildRules = (
			);
			dependencies = (
			);
			name = WeatherApp;
			productName = WeatherApp;
			productReference = E08A40CB23CAFB65009126D4 /* WeatherApp.app */;
			productType = "com.apple.product-type.application";
		};
/* End PBXNativeTarget section */

/* Begin PBXProject section */
		E08A40C323CAFB65009126D4 /* Project object */ = {
			isa = PBXProject;
			attributes = {
				LastSwiftUpdateCheck = 1120;
				LastUpgradeCheck = 1120;
				ORGANIZATIONNAME = Jasmeet;
				TargetAttributes = {
					E08A40CA23CAFB65009126D4 = {
						CreatedOnToolsVersion = 11.2.1;
					};
				};
			};
			buildConfigurationList = E08A40C623CAFB65009126D4 /* Build configuration list for PBXProject "WeatherApp" */;
			compatibilityVersion = "Xcode 9.3";
			developmentRegion = en;
			hasScannedForEncodings = 0;
			knownRegions = (
				en,
				Base,
			);
			mainGroup = E08A40C223CAFB65009126D4;
			productRefGroup = E08A40CC23CAFB65009126D4 /* Products */;
			projectDirPath = "";
			projectRoot = "";
			targets = (
				E08A40CA23CAFB65009126D4 /* WeatherApp */,
			);
		};
/* End PBXProject section */

/* Begin PBXResourcesBuildPhase section */
		E08A40C923CAFB65009126D4 /* Resources */ = {
			isa = PBXResourcesBuildPhase;
			buildActionMask = 2147483647;
			files = (
				E08A40DB23CAFB68009126D4 /* LaunchScreen.storyboard in Resources */,
				E08A40D823CAFB68009126D4 /* Assets.xcassets in Resources */,
				E06F31E023CB92E50046E3C0 /* WeatherCollectionCell.xib in Resources */,
				E08A40D623CAFB66009126D4 /* Main.storyboard in Resources */,
			);
			runOnlyForDeploymentPostprocessing = 0;
		};
/* End PBXResourcesBuildPhase section */

/* Begin PBXShellScriptBuildPhase section */
		7071886A032DA740E3FC36B3 /* [CP] Embed Pods Frameworks */ = {
			isa = PBXShellScriptBuildPhase;
			buildActionMask = 2147483647;
			files = (
			);
			inputFileListPaths = (
				"${PODS_ROOT}/Target Support Files/Pods-WeatherApp/Pods-WeatherApp-frameworks-${CONFIGURATION}-input-files.xcfilelist",
			);
			name = "[CP] Embed Pods Frameworks";
			outputFileListPaths = (
				"${PODS_ROOT}/Target Support Files/Pods-WeatherApp/Pods-WeatherApp-frameworks-${CONFIGURATION}-output-files.xcfilelist",
			);
			runOnlyForDeploymentPostprocessing = 0;
			shellPath = /bin/sh;
			shellScript = "\"${PODS_ROOT}/Target Support Files/Pods-WeatherApp/Pods-WeatherApp-frameworks.sh\"\n";
			showEnvVarsInLog = 0;
		};
		BDCEFB1ACC97E309EA8DA149 /* [CP] Copy Pods Resources */ = {
			isa = PBXShellScriptBuildPhase;
			buildActionMask = 2147483647;
			files = (
			);
			inputFileListPaths = (
				"${PODS_ROOT}/Target Support Files/Pods-WeatherApp/Pods-WeatherApp-resources-${CONFIGURATION}-input-files.xcfilelist",
			);
			name = "[CP] Copy Pods Resources";
			outputFileListPaths = (
				"${PODS_ROOT}/Target Support Files/Pods-WeatherApp/Pods-WeatherApp-resources-${CONFIGURATION}-output-files.xcfilelist",
			);
			runOnlyForDeploymentPostprocessing = 0;
			shellPath = /bin/sh;
			shellScript = "\"${PODS_ROOT}/Target Support Files/Pods-WeatherApp/Pods-WeatherApp-resources.sh\"\n";
			showEnvVarsInLog = 0;
		};
		D85D657D8E5004BE47CA6958 /* [CP] Check Pods Manifest.lock */ = {
			isa = PBXShellScriptBuildPhase;
			buildActionMask = 2147483647;
			files = (
			);
			inputFileListPaths = (
			);
			inputPaths = (
				"${PODS_PODFILE_DIR_PATH}/Podfile.lock",
				"${PODS_ROOT}/Manifest.lock",
			);
			name = "[CP] Check Pods Manifest.lock";
			outputFileListPaths = (
			);
			outputPaths = (
				"$(DERIVED_FILE_DIR)/Pods-WeatherApp-checkManifestLockResult.txt",
			);
			runOnlyForDeploymentPostprocessing = 0;
			shellPath = /bin/sh;
			shellScript = "diff \"${PODS_PODFILE_DIR_PATH}/Podfile.lock\" \"${PODS_ROOT}/Manifest.lock\" > /dev/null\nif [ $? != 0 ] ; then\n    # print error to STDERR\n    echo \"error: The sandbox is not in sync with the Podfile.lock. Run 'pod install' or update your CocoaPods installation.\" >&2\n    exit 1\nfi\n# This output is used by Xcode 'outputs' to avoid re-running this script phase.\necho \"SUCCESS\" > \"${SCRIPT_OUTPUT_FILE_0}\"\n";
			showEnvVarsInLog = 0;
		};
/* End PBXShellScriptBuildPhase section */

/* Begin PBXSourcesBuildPhase section */
		E08A40C723CAFB65009126D4 /* Sources */ = {
			isa = PBXSourcesBuildPhase;
			buildActionMask = 2147483647;
			files = (
				E06F31D723CB91BC0046E3C0 /* WeatherData.swift in Sources */,
				E08A40FA23CB33B8009126D4 /* AppCacheData.swift in Sources */,
				E08A40E823CAFD15009126D4 /* WeatherDetailVC.swift in Sources */,
				E06F31D823CB91BC0046E3C0 /* TemperatureScale.swift in Sources */,
				E06F31BA23CB66F40046E3C0 /* AppConfigurations.swift in Sources */,
				E06F31B723CB66560046E3C0 /* AppServiceManager.swift in Sources */,
				E08A40CF23CAFB66009126D4 /* AppDelegate.swift in Sources */,
				E08A40E623CAFD00009126D4 /* HomeVC.swift in Sources */,
				E06F31DF23CB92E50046E3C0 /* WeatherCollectionCell.swift in Sources */,
				E08A40D123CAFB66009126D4 /* SceneDelegate.swift in Sources */,
				E06F31B023CB66560046E3C0 /* AppService+AppLifeCycle.swift in Sources */,
				E08A40F223CB0435009126D4 /* LoadingIndicator.swift in Sources */,
				E06F31B423CB66560046E3C0 /* AppServiceManager+ScreenHandler.swift in Sources */,
				E08A410223CB355E009126D4 /* UIStoryboard+Loader.swift in Sources */,
				E06F31AF23CB66560046E3C0 /* NetworkReachabilityNotifier.swift in Sources */,
				E08A40F423CB3063009126D4 /* SocialMediaConnection.swift in Sources */,
				E06F31D923CB91BC0046E3C0 /* WeatherAPI.swift in Sources */,
				E06F31B123CB66560046E3C0 /* AppService+UserActivity.swift in Sources */,
				E08A40F023CB03D4009126D4 /* Constants.swift in Sources */,
				E08A40E323CAFCE9009126D4 /* LoginVC.swift in Sources */,
				E08A40EE23CAFDA3009126D4 /* AppBaseViewController.swift in Sources */,
				E06F31AE23CB66560046E3C0 /* AppService+NetworkReachability.swift in Sources */,
			);
			runOnlyForDeploymentPostprocessing = 0;
		};
/* End PBXSourcesBuildPhase section */

/* Begin PBXVariantGroup section */
		E08A40D423CAFB66009126D4 /* Main.storyboard */ = {
			isa = PBXVariantGroup;
			children = (
				E08A40D523CAFB66009126D4 /* Base */,
			);
			name = Main.storyboard;
			sourceTree = "<group>";
		};
		E08A40D923CAFB68009126D4 /* LaunchScreen.storyboard */ = {
			isa = PBXVariantGroup;
			children = (
				E08A40DA23CAFB68009126D4 /* Base */,
			);
			name = LaunchScreen.storyboard;
			sourceTree = "<group>";
		};
/* End PBXVariantGroup section */

/* Begin XCBuildConfiguration section */
		E08A40DD23CAFB68009126D4 /* Debug */ = {
			isa = XCBuildConfiguration;
			buildSettings = {
				ALWAYS_SEARCH_USER_PATHS = NO;
				CLANG_ANALYZER_NONNULL = YES;
				CLANG_ANALYZER_NUMBER_OBJECT_CONVERSION = YES_AGGRESSIVE;
				CLANG_CXX_LANGUAGE_STANDARD = "gnu++14";
				CLANG_CXX_LIBRARY = "libc++";
				CLANG_ENABLE_MODULES = YES;
				CLANG_ENABLE_OBJC_ARC = YES;
				CLANG_ENABLE_OBJC_WEAK = YES;
				CLANG_WARN_BLOCK_CAPTURE_AUTORELEASING = YES;
				CLANG_WARN_BOOL_CONVERSION = YES;
				CLANG_WARN_COMMA = YES;
				CLANG_WARN_CONSTANT_CONVERSION = YES;
				CLANG_WARN_DEPRECATED_OBJC_IMPLEMENTATIONS = YES;
				CLANG_WARN_DIRECT_OBJC_ISA_USAGE = YES_ERROR;
				CLANG_WARN_DOCUMENTATION_COMMENTS = YES;
				CLANG_WARN_EMPTY_BODY = YES;
				CLANG_WARN_ENUM_CONVERSION = YES;
				CLANG_WARN_INFINITE_RECURSION = YES;
				CLANG_WARN_INT_CONVERSION = YES;
				CLANG_WARN_NON_LITERAL_NULL_CONVERSION = YES;
				CLANG_WARN_OBJC_IMPLICIT_RETAIN_SELF = YES;
				CLANG_WARN_OBJC_LITERAL_CONVERSION = YES;
				CLANG_WARN_OBJC_ROOT_CLASS = YES_ERROR;
				CLANG_WARN_RANGE_LOOP_ANALYSIS = YES;
				CLANG_WARN_STRICT_PROTOTYPES = YES;
				CLANG_WARN_SUSPICIOUS_MOVE = YES;
				CLANG_WARN_UNGUARDED_AVAILABILITY = YES_AGGRESSIVE;
				CLANG_WARN_UNREACHABLE_CODE = YES;
				CLANG_WARN__DUPLICATE_METHOD_MATCH = YES;
				COPY_PHASE_STRIP = NO;
				DEBUG_INFORMATION_FORMAT = dwarf;
				ENABLE_STRICT_OBJC_MSGSEND = YES;
				ENABLE_TESTABILITY = YES;
				GCC_C_LANGUAGE_STANDARD = gnu11;
				GCC_DYNAMIC_NO_PIC = NO;
				GCC_NO_COMMON_BLOCKS = YES;
				GCC_OPTIMIZATION_LEVEL = 0;
				GCC_PREPROCESSOR_DEFINITIONS = (
					"DEBUG=1",
					"$(inherited)",
				);
				GCC_WARN_64_TO_32_BIT_CONVERSION = YES;
				GCC_WARN_ABOUT_RETURN_TYPE = YES_ERROR;
				GCC_WARN_UNDECLARED_SELECTOR = YES;
				GCC_WARN_UNINITIALIZED_AUTOS = YES_AGGRESSIVE;
				GCC_WARN_UNUSED_FUNCTION = YES;
				GCC_WARN_UNUSED_VARIABLE = YES;
				IPHONEOS_DEPLOYMENT_TARGET = 13.2;
				MTL_ENABLE_DEBUG_INFO = INCLUDE_SOURCE;
				MTL_FAST_MATH = YES;
				ONLY_ACTIVE_ARCH = YES;
				SDKROOT = iphoneos;
				SWIFT_ACTIVE_COMPILATION_CONDITIONS = DEBUG;
				SWIFT_OPTIMIZATION_LEVEL = "-Onone";
			};
			name = Debug;
		};
		E08A40DE23CAFB68009126D4 /* Release */ = {
			isa = XCBuildConfiguration;
			buildSettings = {
				ALWAYS_SEARCH_USER_PATHS = NO;
				CLANG_ANALYZER_NONNULL = YES;
				CLANG_ANALYZER_NUMBER_OBJECT_CONVERSION = YES_AGGRESSIVE;
				CLANG_CXX_LANGUAGE_STANDARD = "gnu++14";
				CLANG_CXX_LIBRARY = "libc++";
				CLANG_ENABLE_MODULES = YES;
				CLANG_ENABLE_OBJC_ARC = YES;
				CLANG_ENABLE_OBJC_WEAK = YES;
				CLANG_WARN_BLOCK_CAPTURE_AUTORELEASING = YES;
				CLANG_WARN_BOOL_CONVERSION = YES;
				CLANG_WARN_COMMA = YES;
				CLANG_WARN_CONSTANT_CONVERSION = YES;
				CLANG_WARN_DEPRECATED_OBJC_IMPLEMENTATIONS = YES;
				CLANG_WARN_DIRECT_OBJC_ISA_USAGE = YES_ERROR;
				CLANG_WARN_DOCUMENTATION_COMMENTS = YES;
				CLANG_WARN_EMPTY_BODY = YES;
				CLANG_WARN_ENUM_CONVERSION = YES;
				CLANG_WARN_INFINITE_RECURSION = YES;
				CLANG_WARN_INT_CONVERSION = YES;
				CLANG_WARN_NON_LITERAL_NULL_CONVERSION = YES;
				CLANG_WARN_OBJC_IMPLICIT_RETAIN_SELF = YES;
				CLANG_WARN_OBJC_LITERAL_CONVERSION = YES;
				CLANG_WARN_OBJC_ROOT_CLASS = YES_ERROR;
				CLANG_WARN_RANGE_LOOP_ANALYSIS = YES;
				CLANG_WARN_STRICT_PROTOTYPES = YES;
				CLANG_WARN_SUSPICIOUS_MOVE = YES;
				CLANG_WARN_UNGUARDED_AVAILABILITY = YES_AGGRESSIVE;
				CLANG_WARN_UNREACHABLE_CODE = YES;
				CLANG_WARN__DUPLICATE_METHOD_MATCH = YES;
				COPY_PHASE_STRIP = NO;
				DEBUG_INFORMATION_FORMAT = "dwarf-with-dsym";
				ENABLE_NS_ASSERTIONS = NO;
				ENABLE_STRICT_OBJC_MSGSEND = YES;
				GCC_C_LANGUAGE_STANDARD = gnu11;
				GCC_NO_COMMON_BLOCKS = YES;
				GCC_WARN_64_TO_32_BIT_CONVERSION = YES;
				GCC_WARN_ABOUT_RETURN_TYPE = YES_ERROR;
				GCC_WARN_UNDECLARED_SELECTOR = YES;
				GCC_WARN_UNINITIALIZED_AUTOS = YES_AGGRESSIVE;
				GCC_WARN_UNUSED_FUNCTION = YES;
				GCC_WARN_UNUSED_VARIABLE = YES;
				IPHONEOS_DEPLOYMENT_TARGET = 13.2;
				MTL_ENABLE_DEBUG_INFO = NO;
				MTL_FAST_MATH = YES;
				SDKROOT = iphoneos;
				SWIFT_COMPILATION_MODE = wholemodule;
				SWIFT_OPTIMIZATION_LEVEL = "-O";
				VALIDATE_PRODUCT = YES;
			};
			name = Release;
		};
		E08A40E023CAFB68009126D4 /* Debug */ = {
			isa = XCBuildConfiguration;
			baseConfigurationReference = 7FD08D0BF0412A2068021A3A /* Pods-WeatherApp.debug.xcconfig */;
			buildSettings = {
				ASSETCATALOG_COMPILER_APPICON_NAME = AppIcon;
				CODE_SIGN_STYLE = Automatic;
				DEVELOPMENT_TEAM = HYWK8269G9;
				INFOPLIST_FILE = WeatherApp/Info.plist;
				IPHONEOS_DEPLOYMENT_TARGET = 12.0;
				LD_RUNPATH_SEARCH_PATHS = (
					"$(inherited)",
					"@executable_path/Frameworks",
				);
				PRODUCT_BUNDLE_IDENTIFIER = com.weatherApp.appWeather;
				PRODUCT_NAME = "$(TARGET_NAME)";
				SWIFT_VERSION = 5.0;
				TARGETED_DEVICE_FAMILY = 1;
			};
			name = Debug;
		};
		E08A40E123CAFB68009126D4 /* Release */ = {
			isa = XCBuildConfiguration;
			baseConfigurationReference = EDB1598CB27AA5EA8155707B /* Pods-WeatherApp.release.xcconfig */;
			buildSettings = {
				ASSETCATALOG_COMPILER_APPICON_NAME = AppIcon;
				CODE_SIGN_STYLE = Automatic;
				DEVELOPMENT_TEAM = HYWK8269G9;
				INFOPLIST_FILE = WeatherApp/Info.plist;
				IPHONEOS_DEPLOYMENT_TARGET = 12.0;
				LD_RUNPATH_SEARCH_PATHS = (
					"$(inherited)",
					"@executable_path/Frameworks",
				);
				PRODUCT_BUNDLE_IDENTIFIER = com.weatherApp.appWeather;
				PRODUCT_NAME = "$(TARGET_NAME)";
				SWIFT_VERSION = 5.0;
				TARGETED_DEVICE_FAMILY = 1;
			};
			name = Release;
		};
/* End XCBuildConfiguration section */

/* Begin XCConfigurationList section */
		E08A40C623CAFB65009126D4 /* Build configuration list for PBXProject "WeatherApp" */ = {
			isa = XCConfigurationList;
			buildConfigurations = (
				E08A40DD23CAFB68009126D4 /* Debug */,
				E08A40DE23CAFB68009126D4 /* Release */,
			);
			defaultConfigurationIsVisible = 0;
			defaultConfigurationName = Release;
		};
		E08A40DF23CAFB68009126D4 /* Build configuration list for PBXNativeTarget "WeatherApp" */ = {
			isa = XCConfigurationList;
			buildConfigurations = (
				E08A40E023CAFB68009126D4 /* Debug */,
				E08A40E123CAFB68009126D4 /* Release */,
			);
			defaultConfigurationIsVisible = 0;
			defaultConfigurationName = Release;
		};
/* End XCConfigurationList section */
	};
	rootObject = E08A40C323CAFB65009126D4 /* Project object */;
}
